<?xml version="1.0" encoding="utf-8"?>
<Project ToolsVersion="4.0" xmlns="http://schemas.microsoft.com/developer/msbuild/2003">
  <ItemGroup>
    <Filter Include="源文件">
      <UniqueIdentifier>{4FC737F1-C7A5-4376-A066-2A32D752A2FF}</UniqueIdentifier>
      <Extensions>cpp;c;cc;cxx;c++;cppm;ixx;def;odl;idl;hpj;bat;asm;asmx</Extensions>
    </Filter>
    <Filter Include="头文件">
      <UniqueIdentifier>{93995380-89BD-4b04-88EB-625FBE52EBFB}</UniqueIdentifier>
      <Extensions>h;hh;hpp;hxx;h++;hm;inl;inc;ipp;xsd</Extensions>
    </Filter>
    <Filter Include="资源文件">
      <UniqueIdentifier>{67DA6AB6-F800-4c08-8B7A-83BB121AAD01}</UniqueIdentifier>
      <Extensions>rc;ico;cur;bmp;dlg;rc2;rct;bin;rgs;gif;jpg;jpeg;jpe;resx;tiff;tif;png;wav;mfcribbon-ms</Extensions>
    </Filter>
    <Filter Include="源文件\myUtils">
      <UniqueIdentifier>{0aac03ad-3a65-46fe-bdce-9826bf560c19}</UniqueIdentifier>
    </Filter>
    <Filter Include="源文件\myCV">
      <UniqueIdentifier>{cb5aeb1f-5df8-4228-8ca6-284e1a5ec30f}</UniqueIdentifier>
    </Filter>
    <Filter Include="源文件\myCL">
      <UniqueIdentifier>{153a29cc-7717-45ff-a8e9-964c4c20822d}</UniqueIdentifier>
    </Filter>
    <Filter Include="源文件\projects">
      <UniqueIdentifier>{6af1ac28-b79e-47a3-ade0-4f0d6fa39b58}</UniqueIdentifier>
    </Filter>
    <Filter Include="源文件\projects\opencl">
      <UniqueIdentifier>{93201e10-3961-4351-b9a5-9983c813e20f}</UniqueIdentifier>
    </Filter>
    <Filter Include="源文件\projects\opengl">
      <UniqueIdentifier>{1b63dec6-768f-40c2-bb67-aa5ebdd16eb7}</UniqueIdentifier>
    </Filter>
    <Filter Include="源文件\myGL">
      <UniqueIdentifier>{f7a0cb05-889d-4212-9d41-3203e85dac37}</UniqueIdentifier>
    </Filter>
  </ItemGroup>
  <ItemGroup>
    <ClCompile Include="MYTEST.cpp">
      <Filter>源文件</Filter>
    </ClCompile>
    <ClCompile Include="..\src\myCL\cl_wrapper.cpp">
      <Filter>源文件\myCL</Filter>
    </ClCompile>
    <ClCompile Include="..\src\projects\opencl\filters_cl.cpp">
      <Filter>源文件\projects\opencl</Filter>
    </ClCompile>
    <ClCompile Include="..\src\myUtils\myUtils.cpp">
      <Filter>源文件\myUtils</Filter>
    </ClCompile>
    <ClCompile Include="..\src\myCV\myCV.cpp">
      <Filter>源文件\myCV</Filter>
    </ClCompile>
    <ClCompile Include="..\src\myUtils\logger.cpp">
      <Filter>源文件\myUtils</Filter>
    </ClCompile>
    <ClCompile Include="..\src\projects\opengl\test_gl.cpp">
      <Filter>源文件\projects\opengl</Filter>
    </ClCompile>
    <ClCompile Include="..\src\projects\opengl\glad.c">
      <Filter>源文件\projects\opengl</Filter>
    </ClCompile>
  </ItemGroup>
  <ItemGroup>
    <ClInclude Include="..\src\MYTEST.h">
      <Filter>头文件</Filter>
    </ClInclude>
    <ClInclude Include="..\src\myCL\cl_wrapper.h">
      <Filter>源文件\myCL</Filter>
    </ClInclude>
    <ClInclude Include="..\src\myUtils\myUtils.h">
      <Filter>源文件\myUtils</Filter>
    </ClInclude>
    <ClInclude Include="..\src\myCV\myCV.h">
      <Filter>源文件\myCV</Filter>
    </ClInclude>
    <ClInclude Include="..\src\myUtils\logger.h">
      <Filter>源文件\myUtils</Filter>
    </ClInclude>
    <ClInclude Include="..\src\myGL\shader.h">
      <Filter>源文件\myGL</Filter>
    </ClInclude>
    <ClInclude Include="..\src\myGL\stb_image.h">
      <Filter>源文件\myGL</Filter>
    </ClInclude>
  </ItemGroup>
  <ItemGroup>
    <None Include="..\src\projects\opencl\filters.cl">
      <Filter>源文件\projects\opencl</Filter>
    </None>
  </ItemGroup>
</Project>